
Microsoft Visual Studio Solution File, Format Version 12.00
# Visual Studio 15
VisualStudioVersion = 15.0.28307.168
MinimumVisualStudioVersion = 10.0.40219.1
Project("{FAE04EC0-301F-11D3-BF4B-00C04F79EFBC}") = "MainCorreo", "MainCorreo\MainCorreo.csproj", "{FBFC97C6-9201-412F-A18C-81B1D6B705A1}"
EndProject
Project("{FAE04EC0-301F-11D3-BF4B-00C04F79EFBC}") = "Entidades", "Entidades\Entidades.csproj", "{5848807A-4512-4936-B5B0-E6EE9F546135}"
EndProject
Project("{FAE04EC0-301F-11D3-BF4B-00C04F79EFBC}") = "Test_Correo", "Test_Correo\Test_Correo.csproj", "{384F26A9-5BF2-4C93-A3A7-0EF526421B81}"
EndProject
Global
	GlobalSection(SolutionConfigurationPlatforms) = preSolution
		Debug|Any CPU = Debug|Any CPU
		Release|Any CPU = Release|Any CPU
	EndGlobalSection
	GlobalSection(ProjectConfigurationPlatforms) = postSolution
		{FBFC97C6-9201-412F-A18C-81B1D6B705A1}.Debug|Any CPU.ActiveCfg = Debug|Any CPU
		{FBFC97C6-9201-412F-A18C-81B1D6B705A1}.Debug|Any CPU.Build.0 = Debug|Any CPU
		{FBFC97C6-9201-412F-A18C-81B1D6B705A1}.Release|Any CPU.ActiveCfg = Release|Any CPU
		{FBFC97C6-9201-412F-A18C-81B1D6B705A1}.Release|Any CPU.Build.0 = Release|Any CPU
		{5848807A-4512-4936-B5B0-E6EE9F546135}.Debug|Any CPU.ActiveCfg = Debug|Any CPU
		{5848807A-4512-4936-B5B0-E6EE9F546135}.Debug|Any CPU.Build.0 = Debug|Any CPU
		{5848807A-4512-4936-B5B0-E6EE9F546135}.Release|Any CPU.ActiveCfg = Release|Any CPU
		{5848807A-4512-4936-B5B0-E6EE9F546135}.Release|Any CPU.Build.0 = Release|Any CPU
		{384F26A9-5BF2-4C93-A3A7-0EF526421B81}.Debug|Any CPU.ActiveCfg = Debug|Any CPU
		{384F26A9-5BF2-4C93-A3A7-0EF526421B81}.Debug|Any CPU.Build.0 = Debug|Any CPU
		{384F26A9-5BF2-4C93-A3A7-0EF526421B81}.Release|Any CPU.ActiveCfg = Release|Any CPU
		{384F26A9-5BF2-4C93-A3A7-0EF526421B81}.Release|Any CPU.Build.0 = Release|Any CPU
	EndGlobalSection
	GlobalSection(SolutionProperties) = preSolution
		HideSolutionNode = FALSE
	EndGlobalSection
	GlobalSection(ExtensibilityGlobals) = postSolution
		SolutionGuid = {0F606410-4FD3-4F2B-9DB0-FA413DD02DB2}
	EndGlobalSection
EndGlobal
