
Microsoft Visual Studio Solution File, Format Version 12.00
# Visual Studio 15
VisualStudioVersion = 15.0.28307.168
MinimumVisualStudioVersion = 10.0.40219.1
Project("{FAE04EC0-301F-11D3-BF4B-00C04F79EFBC}") = "MiCalculadora", "MiCalculadora\MiCalculadora.csproj", "{69D236AE-FF84-4373-A6D8-A563A0C6606E}"
EndProject
Project("{FAE04EC0-301F-11D3-BF4B-00C04F79EFBC}") = "Entidades", "..\Entidades\Entidades\Entidades.csproj", "{9BAF65CE-C52F-4E52-9E56-611CE659DF30}"
EndProject
Global
	GlobalSection(SolutionConfigurationPlatforms) = preSolution
		Debug|Any CPU = Debug|Any CPU
		Release|Any CPU = Release|Any CPU
	EndGlobalSection
	GlobalSection(ProjectConfigurationPlatforms) = postSolution
		{69D236AE-FF84-4373-A6D8-A563A0C6606E}.Debug|Any CPU.ActiveCfg = Debug|Any CPU
		{69D236AE-FF84-4373-A6D8-A563A0C6606E}.Debug|Any CPU.Build.0 = Debug|Any CPU
		{69D236AE-FF84-4373-A6D8-A563A0C6606E}.Release|Any CPU.ActiveCfg = Release|Any CPU
		{69D236AE-FF84-4373-A6D8-A563A0C6606E}.Release|Any CPU.Build.0 = Release|Any CPU
		{9BAF65CE-C52F-4E52-9E56-611CE659DF30}.Debug|Any CPU.ActiveCfg = Debug|Any CPU
		{9BAF65CE-C52F-4E52-9E56-611CE659DF30}.Debug|Any CPU.Build.0 = Debug|Any CPU
		{9BAF65CE-C52F-4E52-9E56-611CE659DF30}.Release|Any CPU.ActiveCfg = Release|Any CPU
		{9BAF65CE-C52F-4E52-9E56-611CE659DF30}.Release|Any CPU.Build.0 = Release|Any CPU
	EndGlobalSection
	GlobalSection(SolutionProperties) = preSolution
		HideSolutionNode = FALSE
	EndGlobalSection
	GlobalSection(ExtensibilityGlobals) = postSolution
		SolutionGuid = {35D3E5E3-1088-480F-A541-732E956FBD56}
	EndGlobalSection
EndGlobal
